
Microsoft Visual Studio Solution File, Format Version 12.00
# Visual Studio Version 17
VisualStudioVersion = 17.6.33829.357
MinimumVisualStudioVersion = 10.0.40219.1
Project("{FAE04EC0-301F-11D3-BF4B-00C04F79EFBC}") = "MaaranTicketingSystemAPI", "MaaranTicketingSystemAPI.csproj", "{ACC25965-B8B0-4F6D-80D0-0B377B55799B}"
EndProject
Global
	GlobalSection(SolutionConfigurationPlatforms) = preSolution
		Debug|Any CPU = Debug|Any CPU
		Release|Any CPU = Release|Any CPU
	EndGlobalSection
	GlobalSection(ProjectConfigurationPlatforms) = postSolution
		{ACC25965-B8B0-4F6D-80D0-0B377B55799B}.Debug|Any CPU.ActiveCfg = Debug|Any CPU
		{ACC25965-B8B0-4F6D-80D0-0B377B55799B}.Debug|Any CPU.Build.0 = Debug|Any CPU
		{ACC25965-B8B0-4F6D-80D0-0B377B55799B}.Release|Any CPU.ActiveCfg = Release|Any CPU
		{ACC25965-B8B0-4F6D-80D0-0B377B55799B}.Release|Any CPU.Build.0 = Release|Any CPU
	EndGlobalSection
	GlobalSection(SolutionProperties) = preSolution
		HideSolutionNode = FALSE
	EndGlobalSection
	GlobalSection(ExtensibilityGlobals) = postSolution
		SolutionGuid = {BE03C7DB-80C0-4D04-BBEC-9F94DC38BBF8}
	EndGlobalSection
EndGlobal
